<Solution>
  <Project Path="StudySummarizer.API/StudySummarizer.API.csproj" />
  <Project Path="StudySummarizer.Application/StudySummarizer.Application.csproj" />
  <Project Path="StudySummarizer.Domain/StudySummarizer.Domain.csproj" />
  <Project Path="StudySummarizer.Infrastructure/StudySummarizer.Infrastructure.csproj" />
</Solution>
